
Microsoft Visual Studio Solution File, Format Version 12.00
# Visual Studio Version 16
VisualStudioVersion = 16.0.31624.102
MinimumVisualStudioVersion = 10.0.40219.1
Project("{FAE04EC0-301F-11D3-BF4B-00C04F79EFBC}") = "HirdetoRendszer.Api", "HirdetoRendszer\HirdetoRendszer.Api.csproj", "{F16E7457-DD47-489B-A3ED-1AF06FE02964}"
EndProject
Project("{FAE04EC0-301F-11D3-BF4B-00C04F79EFBC}") = "HirdetoRendszer.Bll", "HirdetoRendszer.Bll\HirdetoRendszer.Bll.csproj", "{E1512496-4598-4394-8E80-AD904AB7AC84}"
EndProject
Project("{FAE04EC0-301F-11D3-BF4B-00C04F79EFBC}") = "HirdetoRendszer.Dal", "HirdetoRendszer.Dal\HirdetoRendszer.Dal.csproj", "{00C644C9-91B4-454B-9C22-A0E0E0F77A23}"
EndProject
Project("{FAE04EC0-301F-11D3-BF4B-00C04F79EFBC}") = "HirdetoRendszer.Common", "HirdetoRendszer.Common\HirdetoRendszer.Common.csproj", "{C8C1C244-A96E-44A0-9C4A-E6E9AAF727DD}"
EndProject
Project("{E53339B2-1760-4266-BCC7-CA923CBCF16C}") = "docker-compose", "docker-compose.dcproj", "{269EE322-CB27-40FA-98C5-EDF1A7248721}"
EndProject
Global
	GlobalSection(SolutionConfigurationPlatforms) = preSolution
		Debug|Any CPU = Debug|Any CPU
		Release|Any CPU = Release|Any CPU
	EndGlobalSection
	GlobalSection(ProjectConfigurationPlatforms) = postSolution
		{F16E7457-DD47-489B-A3ED-1AF06FE02964}.Debug|Any CPU.ActiveCfg = Debug|Any CPU
		{F16E7457-DD47-489B-A3ED-1AF06FE02964}.Debug|Any CPU.Build.0 = Debug|Any CPU
		{F16E7457-DD47-489B-A3ED-1AF06FE02964}.Release|Any CPU.ActiveCfg = Release|Any CPU
		{F16E7457-DD47-489B-A3ED-1AF06FE02964}.Release|Any CPU.Build.0 = Release|Any CPU
		{E1512496-4598-4394-8E80-AD904AB7AC84}.Debug|Any CPU.ActiveCfg = Debug|Any CPU
		{E1512496-4598-4394-8E80-AD904AB7AC84}.Debug|Any CPU.Build.0 = Debug|Any CPU
		{E1512496-4598-4394-8E80-AD904AB7AC84}.Release|Any CPU.ActiveCfg = Release|Any CPU
		{E1512496-4598-4394-8E80-AD904AB7AC84}.Release|Any CPU.Build.0 = Release|Any CPU
		{00C644C9-91B4-454B-9C22-A0E0E0F77A23}.Debug|Any CPU.ActiveCfg = Debug|Any CPU
		{00C644C9-91B4-454B-9C22-A0E0E0F77A23}.Debug|Any CPU.Build.0 = Debug|Any CPU
		{00C644C9-91B4-454B-9C22-A0E0E0F77A23}.Release|Any CPU.ActiveCfg = Release|Any CPU
		{00C644C9-91B4-454B-9C22-A0E0E0F77A23}.Release|Any CPU.Build.0 = Release|Any CPU
		{C8C1C244-A96E-44A0-9C4A-E6E9AAF727DD}.Debug|Any CPU.ActiveCfg = Debug|Any CPU
		{C8C1C244-A96E-44A0-9C4A-E6E9AAF727DD}.Debug|Any CPU.Build.0 = Debug|Any CPU
		{C8C1C244-A96E-44A0-9C4A-E6E9AAF727DD}.Release|Any CPU.ActiveCfg = Release|Any CPU
		{C8C1C244-A96E-44A0-9C4A-E6E9AAF727DD}.Release|Any CPU.Build.0 = Release|Any CPU
		{269EE322-CB27-40FA-98C5-EDF1A7248721}.Debug|Any CPU.ActiveCfg = Debug|Any CPU
		{269EE322-CB27-40FA-98C5-EDF1A7248721}.Debug|Any CPU.Build.0 = Debug|Any CPU
		{269EE322-CB27-40FA-98C5-EDF1A7248721}.Release|Any CPU.ActiveCfg = Release|Any CPU
		{269EE322-CB27-40FA-98C5-EDF1A7248721}.Release|Any CPU.Build.0 = Release|Any CPU
	EndGlobalSection
	GlobalSection(SolutionProperties) = preSolution
		HideSolutionNode = FALSE
	EndGlobalSection
	GlobalSection(ExtensibilityGlobals) = postSolution
		SolutionGuid = {E7A4B834-322F-4211-8F57-B868783207E7}
	EndGlobalSection
EndGlobal
